
Microsoft Visual Studio Solution File, Format Version 12.00
# Visual Studio Version 17
VisualStudioVersion = 17.1.32407.343
MinimumVisualStudioVersion = 10.0.40219.1
Project("{FAE04EC0-301F-11D3-BF4B-00C04F79EFBC}") = "UkolRetezce3", "UkolRetezce3\UkolRetezce3.csproj", "{07CDFF5C-358B-4690-AB3C-74394CD8E3C9}"
EndProject
Global
	GlobalSection(SolutionConfigurationPlatforms) = preSolution
		Debug|Any CPU = Debug|Any CPU
		Release|Any CPU = Release|Any CPU
	EndGlobalSection
	GlobalSection(ProjectConfigurationPlatforms) = postSolution
		{07CDFF5C-358B-4690-AB3C-74394CD8E3C9}.Debug|Any CPU.ActiveCfg = Debug|Any CPU
		{07CDFF5C-358B-4690-AB3C-74394CD8E3C9}.Debug|Any CPU.Build.0 = Debug|Any CPU
		{07CDFF5C-358B-4690-AB3C-74394CD8E3C9}.Release|Any CPU.ActiveCfg = Release|Any CPU
		{07CDFF5C-358B-4690-AB3C-74394CD8E3C9}.Release|Any CPU.Build.0 = Release|Any CPU
	EndGlobalSection
	GlobalSection(SolutionProperties) = preSolution
		HideSolutionNode = FALSE
	EndGlobalSection
	GlobalSection(ExtensibilityGlobals) = postSolution
		SolutionGuid = {C8451E6C-0A3B-405C-B0B8-A2F32D818593}
	EndGlobalSection
EndGlobal
